<?xml version="1.0" encoding="utf-8"?>
<Project ToolsVersion="4.0" xmlns="http://schemas.microsoft.com/developer/msbuild/2003">
  <ItemGroup>
    <ClCompile Include="SandboxApplication.cpp" />
    <ClCompile Include="PengoScene.cpp">
      <Filter>Scenes</Filter>
    </ClCompile>
    <ClCompile Include="Pengo.cpp">
      <Filter>Prefabs</Filter>
    </ClCompile>
  </ItemGroup>
  <ItemGroup>
    <ClInclude Include="PengoScene.h">
      <Filter>Scenes</Filter>
    </ClInclude>
    <ClInclude Include="Pengo.h">
      <Filter>Prefabs</Filter>
    </ClInclude>
  </ItemGroup>
  <ItemGroup>
    <Filter Include="Scenes">
      <UniqueIdentifier>{0ced9859-b26e-4ed5-9809-4053f41da6e7}</UniqueIdentifier>
    </Filter>
    <Filter Include="Prefabs">
      <UniqueIdentifier>{a17292a6-1528-4dc0-89a4-99fb1fb4ff3f}</UniqueIdentifier>
    </Filter>
  </ItemGroup>
</Project>