<?xml version="1.0" encoding="utf-8"?>
<Project ToolsVersion="4.0" xmlns="http://schemas.microsoft.com/developer/msbuild/2003">
  <ItemGroup>
    <ClCompile Include="SandboxApplication.cpp" />
    <ClCompile Include="PengoScene.cpp">
      <Filter>Scenes</Filter>
    </ClCompile>
    <ClCompile Include="Pengo.cpp">
      <Filter>Prefabs</Filter>
    </ClCompile>
    <ClCompile Include="LevelManager.cpp">
      <Filter>Managers</Filter>
    </ClCompile>
    <ClCompile Include="Wall.cpp">
      <Filter>Prefabs</Filter>
    </ClCompile>
    <ClCompile Include="Block.cpp">
      <Filter>Prefabs</Filter>
    </ClCompile>
    <ClCompile Include="Enemy.cpp">
      <Filter>Prefabs</Filter>
    </ClCompile>
    <ClCompile Include="ArrowBlock.cpp">
      <Filter>Prefabs</Filter>
    </ClCompile>
    <ClCompile Include="ScoreManager.cpp">
      <Filter>Managers</Filter>
    </ClCompile>
    <ClCompile Include="MainMenu.cpp">
      <Filter>Scenes</Filter>
    </ClCompile>
    <ClCompile Include="Button.cpp">
      <Filter>Prefabs</Filter>
    </ClCompile>
    <ClCompile Include="utils.cpp">
      <Filter>Helpers</Filter>
    </ClCompile>
  </ItemGroup>
  <ItemGroup>
    <ClInclude Include="PengoScene.h">
      <Filter>Scenes</Filter>
    </ClInclude>
    <ClInclude Include="Pengo.h">
      <Filter>Prefabs</Filter>
    </ClInclude>
    <ClInclude Include="LevelManager.h">
      <Filter>Managers</Filter>
    </ClInclude>
    <ClInclude Include="Wall.h">
      <Filter>Prefabs</Filter>
    </ClInclude>
    <ClInclude Include="Block.h">
      <Filter>Prefabs</Filter>
    </ClInclude>
    <ClInclude Include="Enemy.h">
      <Filter>Prefabs</Filter>
    </ClInclude>
    <ClInclude Include="ArrowBlock.h">
      <Filter>Prefabs</Filter>
    </ClInclude>
    <ClInclude Include="ScoreManager.h">
      <Filter>Managers</Filter>
    </ClInclude>
    <ClInclude Include="MainMenu.h">
      <Filter>Scenes</Filter>
    </ClInclude>
    <ClInclude Include="Button.h">
      <Filter>Prefabs</Filter>
    </ClInclude>
    <ClInclude Include="utils.h">
      <Filter>Helpers</Filter>
    </ClInclude>
  </ItemGroup>
  <ItemGroup>
    <Filter Include="Scenes">
      <UniqueIdentifier>{0ced9859-b26e-4ed5-9809-4053f41da6e7}</UniqueIdentifier>
    </Filter>
    <Filter Include="Prefabs">
      <UniqueIdentifier>{a17292a6-1528-4dc0-89a4-99fb1fb4ff3f}</UniqueIdentifier>
    </Filter>
    <Filter Include="Managers">
      <UniqueIdentifier>{1f2bc635-aaf5-4241-aba7-96bfff65d2d4}</UniqueIdentifier>
    </Filter>
    <Filter Include="Helpers">
      <UniqueIdentifier>{85e6fdf2-368f-49a3-9f9e-7ae43a3c04a1}</UniqueIdentifier>
    </Filter>
  </ItemGroup>
</Project>